// !$*UTF8*$!
{
	archiveVersion = 1;
	classes = {
	};
	objectVersion = 56;
	objects = {

/* Begin PBXBuildFile section */
		5315514429DE725800BA1CF4 /* LandmarksApp.swift in Sources */ = {isa = PBXBuildFile; fileRef = 5315514329DE725800BA1CF4 /* LandmarksApp.swift */; };
		5315514629DE725800BA1CF4 /* ContentView.swift in Sources */ = {isa = PBXBuildFile; fileRef = 5315514529DE725800BA1CF4 /* ContentView.swift */; };
		5315514829DE725C00BA1CF4 /* Assets.xcassets in Resources */ = {isa = PBXBuildFile; fileRef = 5315514729DE725C00BA1CF4 /* Assets.xcassets */; };
		5315514B29DE725C00BA1CF4 /* Preview Assets.xcassets in Resources */ = {isa = PBXBuildFile; fileRef = 5315514A29DE725C00BA1CF4 /* Preview Assets.xcassets */; };
		5315515529DE725C00BA1CF4 /* LandmarksTests.swift in Sources */ = {isa = PBXBuildFile; fileRef = 5315515429DE725C00BA1CF4 /* LandmarksTests.swift */; };
		5315515F29DE725C00BA1CF4 /* LandmarksUITests.swift in Sources */ = {isa = PBXBuildFile; fileRef = 5315515E29DE725C00BA1CF4 /* LandmarksUITests.swift */; };
		5315516129DE725C00BA1CF4 /* LandmarksUITestsLaunchTests.swift in Sources */ = {isa = PBXBuildFile; fileRef = 5315516029DE725C00BA1CF4 /* LandmarksUITestsLaunchTests.swift */; };
		5315516E29DE745A00BA1CF4 /* CircleImage.swift in Sources */ = {isa = PBXBuildFile; fileRef = 5315516D29DE745A00BA1CF4 /* CircleImage.swift */; };
		5315517029DE754900BA1CF4 /* MapView.swift in Sources */ = {isa = PBXBuildFile; fileRef = 5315516F29DE754900BA1CF4 /* MapView.swift */; };
		5315517229DECECB00BA1CF4 /* landmarkData.json in Resources */ = {isa = PBXBuildFile; fileRef = 5315517129DECECB00BA1CF4 /* landmarkData.json */; };
		5315517429DECF3F00BA1CF4 /* Landmark.swift in Sources */ = {isa = PBXBuildFile; fileRef = 5315517329DECF3F00BA1CF4 /* Landmark.swift */; };
		5315517629DFB66800BA1CF4 /* ModelData.swift in Sources */ = {isa = PBXBuildFile; fileRef = 5315517529DFB66800BA1CF4 /* ModelData.swift */; };
		5315517B29DFBA0800BA1CF4 /* LandmarkRow.swift in Sources */ = {isa = PBXBuildFile; fileRef = 5315517A29DFBA0800BA1CF4 /* LandmarkRow.swift */; };
		5315517D29DFC1C000BA1CF4 /* LandmarkList.swift in Sources */ = {isa = PBXBuildFile; fileRef = 5315517C29DFC1BF00BA1CF4 /* LandmarkList.swift */; };
		5315517F29DFD8DC00BA1CF4 /* LandmarkDetails.swift in Sources */ = {isa = PBXBuildFile; fileRef = 5315517E29DFD8DC00BA1CF4 /* LandmarkDetails.swift */; };
		5315518129DFF94100BA1CF4 /* FavoriteButton.swift in Sources */ = {isa = PBXBuildFile; fileRef = 5315518029DFF94100BA1CF4 /* FavoriteButton.swift */; };
		5315518529E0494B00BA1CF4 /* HexagonParameters.swift in Sources */ = {isa = PBXBuildFile; fileRef = 5315518429E0494B00BA1CF4 /* HexagonParameters.swift */; };
		5315518729E04ACC00BA1CF4 /* BadgeBackground.swift in Sources */ = {isa = PBXBuildFile; fileRef = 5315518629E04ACC00BA1CF4 /* BadgeBackground.swift */; };
/* End PBXBuildFile section */

/* Begin PBXContainerItemProxy section */
		5315515129DE725C00BA1CF4 /* PBXContainerItemProxy */ = {
			isa = PBXContainerItemProxy;
			containerPortal = 5315513829DE725800BA1CF4 /* Project object */;
			proxyType = 1;
			remoteGlobalIDString = 5315513F29DE725800BA1CF4;
			remoteInfo = Landmarks;
		};
		5315515B29DE725C00BA1CF4 /* PBXContainerItemProxy */ = {
			isa = PBXContainerItemProxy;
			containerPortal = 5315513829DE725800BA1CF4 /* Project object */;
			proxyType = 1;
			remoteGlobalIDString = 5315513F29DE725800BA1CF4;
			remoteInfo = Landmarks;
		};
/* End PBXContainerItemProxy section */

/* Begin PBXFileReference section */
		5315514029DE725800BA1CF4 /* Landmarks.app */ = {isa = PBXFileReference; explicitFileType = wrapper.application; includeInIndex = 0; path = Landmarks.app; sourceTree = BUILT_PRODUCTS_DIR; };
		5315514329DE725800BA1CF4 /* LandmarksApp.swift */ = {isa = PBXFileReference; lastKnownFileType = sourcecode.swift; path = LandmarksApp.swift; sourceTree = "<group>"; };
		5315514529DE725800BA1CF4 /* ContentView.swift */ = {isa = PBXFileReference; lastKnownFileType = sourcecode.swift; path = ContentView.swift; sourceTree = "<group>"; };
		5315514729DE725C00BA1CF4 /* Assets.xcassets */ = {isa = PBXFileReference; lastKnownFileType = folder.assetcatalog; path = Assets.xcassets; sourceTree = "<group>"; };
		5315514A29DE725C00BA1CF4 /* Preview Assets.xcassets */ = {isa = PBXFileReference; lastKnownFileType = folder.assetcatalog; path = "Preview Assets.xcassets"; sourceTree = "<group>"; };
		5315515029DE725C00BA1CF4 /* LandmarksTests.xctest */ = {isa = PBXFileReference; explicitFileType = wrapper.cfbundle; includeInIndex = 0; path = LandmarksTests.xctest; sourceTree = BUILT_PRODUCTS_DIR; };
		5315515429DE725C00BA1CF4 /* LandmarksTests.swift */ = {isa = PBXFileReference; lastKnownFileType = sourcecode.swift; path = LandmarksTests.swift; sourceTree = "<group>"; };
		5315515A29DE725C00BA1CF4 /* LandmarksUITests.xctest */ = {isa = PBXFileReference; explicitFileType = wrapper.cfbundle; includeInIndex = 0; path = LandmarksUITests.xctest; sourceTree = BUILT_PRODUCTS_DIR; };
		5315515E29DE725C00BA1CF4 /* LandmarksUITests.swift */ = {isa = PBXFileReference; lastKnownFileType = sourcecode.swift; path = LandmarksUITests.swift; sourceTree = "<group>"; };
		5315516029DE725C00BA1CF4 /* LandmarksUITestsLaunchTests.swift */ = {isa = PBXFileReference; lastKnownFileType = sourcecode.swift; path = LandmarksUITestsLaunchTests.swift; sourceTree = "<group>"; };
		5315516D29DE745A00BA1CF4 /* CircleImage.swift */ = {isa = PBXFileReference; lastKnownFileType = sourcecode.swift; path = CircleImage.swift; sourceTree = "<group>"; };
		5315516F29DE754900BA1CF4 /* MapView.swift */ = {isa = PBXFileReference; lastKnownFileType = sourcecode.swift; path = MapView.swift; sourceTree = "<group>"; };
		5315517129DECECB00BA1CF4 /* landmarkData.json */ = {isa = PBXFileReference; fileEncoding = 4; lastKnownFileType = text.json; path = landmarkData.json; sourceTree = "<group>"; };
		5315517329DECF3F00BA1CF4 /* Landmark.swift */ = {isa = PBXFileReference; lastKnownFileType = sourcecode.swift; path = Landmark.swift; sourceTree = "<group>"; };
		5315517529DFB66800BA1CF4 /* ModelData.swift */ = {isa = PBXFileReference; lastKnownFileType = sourcecode.swift; path = ModelData.swift; sourceTree = "<group>"; };
		5315517A29DFBA0800BA1CF4 /* LandmarkRow.swift */ = {isa = PBXFileReference; lastKnownFileType = sourcecode.swift; path = LandmarkRow.swift; sourceTree = "<group>"; };
		5315517C29DFC1BF00BA1CF4 /* LandmarkList.swift */ = {isa = PBXFileReference; lastKnownFileType = sourcecode.swift; path = LandmarkList.swift; sourceTree = "<group>"; };
		5315517E29DFD8DC00BA1CF4 /* LandmarkDetails.swift */ = {isa = PBXFileReference; lastKnownFileType = sourcecode.swift; path = LandmarkDetails.swift; sourceTree = "<group>"; };
		5315518029DFF94100BA1CF4 /* FavoriteButton.swift */ = {isa = PBXFileReference; lastKnownFileType = sourcecode.swift; path = FavoriteButton.swift; sourceTree = "<group>"; };
		5315518429E0494B00BA1CF4 /* HexagonParameters.swift */ = {isa = PBXFileReference; lastKnownFileType = sourcecode.swift; path = HexagonParameters.swift; sourceTree = "<group>"; };
		5315518629E04ACC00BA1CF4 /* BadgeBackground.swift */ = {isa = PBXFileReference; lastKnownFileType = sourcecode.swift; path = BadgeBackground.swift; sourceTree = "<group>"; };
/* End PBXFileReference section */

/* Begin PBXFrameworksBuildPhase section */
		5315513D29DE725800BA1CF4 /* Frameworks */ = {
			isa = PBXFrameworksBuildPhase;
			buildActionMask = 2147483647;
			files = (
			);
			runOnlyForDeploymentPostprocessing = 0;
		};
		5315514D29DE725C00BA1CF4 /* Frameworks */ = {
			isa = PBXFrameworksBuildPhase;
			buildActionMask = 2147483647;
			files = (
			);
			runOnlyForDeploymentPostprocessing = 0;
		};
		5315515729DE725C00BA1CF4 /* Frameworks */ = {
			isa = PBXFrameworksBuildPhase;
			buildActionMask = 2147483647;
			files = (
			);
			runOnlyForDeploymentPostprocessing = 0;
		};
/* End PBXFrameworksBuildPhase section */

/* Begin PBXGroup section */
		5315513729DE725800BA1CF4 = {
			isa = PBXGroup;
			children = (
				5315514229DE725800BA1CF4 /* Landmarks */,
				5315515329DE725C00BA1CF4 /* LandmarksTests */,
				5315515D29DE725C00BA1CF4 /* LandmarksUITests */,
				5315514129DE725800BA1CF4 /* Products */,
			);
			sourceTree = "<group>";
		};
		5315514129DE725800BA1CF4 /* Products */ = {
			isa = PBXGroup;
			children = (
				5315514029DE725800BA1CF4 /* Landmarks.app */,
				5315515029DE725C00BA1CF4 /* LandmarksTests.xctest */,
				5315515A29DE725C00BA1CF4 /* LandmarksUITests.xctest */,
			);
			name = Products;
			sourceTree = "<group>";
		};
		5315514229DE725800BA1CF4 /* Landmarks */ = {
			isa = PBXGroup;
			children = (
				5315514329DE725800BA1CF4 /* LandmarksApp.swift */,
				5315517729DFB70000BA1CF4 /* Views */,
				5315517929DFB7E400BA1CF4 /* Model */,
				5315517829DFB75400BA1CF4 /* Recourses */,
				5315514729DE725C00BA1CF4 /* Assets.xcassets */,
				5315514929DE725C00BA1CF4 /* Preview Content */,
			);
			path = Landmarks;
			sourceTree = "<group>";
		};
		5315514929DE725C00BA1CF4 /* Preview Content */ = {
			isa = PBXGroup;
			children = (
				5315514A29DE725C00BA1CF4 /* Preview Assets.xcassets */,
			);
			path = "Preview Content";
			sourceTree = "<group>";
		};
		5315515329DE725C00BA1CF4 /* LandmarksTests */ = {
			isa = PBXGroup;
			children = (
				5315515429DE725C00BA1CF4 /* LandmarksTests.swift */,
			);
			path = LandmarksTests;
			sourceTree = "<group>";
		};
		5315515D29DE725C00BA1CF4 /* LandmarksUITests */ = {
			isa = PBXGroup;
			children = (
				5315515E29DE725C00BA1CF4 /* LandmarksUITests.swift */,
				5315516029DE725C00BA1CF4 /* LandmarksUITestsLaunchTests.swift */,
			);
			path = LandmarksUITests;
			sourceTree = "<group>";
		};
		5315517729DFB70000BA1CF4 /* Views */ = {
			isa = PBXGroup;
			children = (
				5315518229DFFA2C00BA1CF4 /* Helpers */,
				5315514529DE725800BA1CF4 /* ContentView.swift */,
				5315518429E0494B00BA1CF4 /* HexagonParameters.swift */,
				5315518629E04ACC00BA1CF4 /* BadgeBackground.swift */,
			);
			path = Views;
			sourceTree = "<group>";
		};
		5315517829DFB75400BA1CF4 /* Recourses */ = {
			isa = PBXGroup;
			children = (
				5315517129DECECB00BA1CF4 /* landmarkData.json */,
			);
			path = Recourses;
			sourceTree = "<group>";
		};
		5315517929DFB7E400BA1CF4 /* Model */ = {
			isa = PBXGroup;
			children = (
				5315517329DECF3F00BA1CF4 /* Landmark.swift */,
				5315517529DFB66800BA1CF4 /* ModelData.swift */,
			);
			path = Model;
			sourceTree = "<group>";
		};
		5315518229DFFA2C00BA1CF4 /* Helpers */ = {
			isa = PBXGroup;
			children = (
				5315518029DFF94100BA1CF4 /* FavoriteButton.swift */,
				5315516D29DE745A00BA1CF4 /* CircleImage.swift */,
				5315516F29DE754900BA1CF4 /* MapView.swift */,
				5315518329DFFA8000BA1CF4 /* Landmarks */,
			);
			path = Helpers;
			sourceTree = "<group>";
		};
		5315518329DFFA8000BA1CF4 /* Landmarks */ = {
			isa = PBXGroup;
			children = (
				5315517E29DFD8DC00BA1CF4 /* LandmarkDetails.swift */,
				5315517C29DFC1BF00BA1CF4 /* LandmarkList.swift */,
				5315517A29DFBA0800BA1CF4 /* LandmarkRow.swift */,
			);
			path = Landmarks;
			sourceTree = "<group>";
		};
/* End PBXGroup section */

/* Begin PBXNativeTarget section */
		5315513F29DE725800BA1CF4 /* Landmarks */ = {
			isa = PBXNativeTarget;
			buildConfigurationList = 5315516429DE725C00BA1CF4 /* Build configuration list for PBXNativeTarget "Landmarks" */;
			buildPhases = (
				5315513C29DE725800BA1CF4 /* Sources */,
				5315513D29DE725800BA1CF4 /* Frameworks */,
				5315513E29DE725800BA1CF4 /* Resources */,
			);
			buildRules = (
			);
			dependencies = (
			);
			name = Landmarks;
			productName = Landmarks;
			productReference = 5315514029DE725800BA1CF4 /* Landmarks.app */;
			productType = "com.apple.product-type.application";
		};
		5315514F29DE725C00BA1CF4 /* LandmarksTests */ = {
			isa = PBXNativeTarget;
			buildConfigurationList = 5315516729DE725C00BA1CF4 /* Build configuration list for PBXNativeTarget "LandmarksTests" */;
			buildPhases = (
				5315514C29DE725C00BA1CF4 /* Sources */,
				5315514D29DE725C00BA1CF4 /* Frameworks */,
				5315514E29DE725C00BA1CF4 /* Resources */,
			);
			buildRules = (
			);
			dependencies = (
				5315515229DE725C00BA1CF4 /* PBXTargetDependency */,
			);
			name = LandmarksTests;
			productName = LandmarksTests;
			productReference = 5315515029DE725C00BA1CF4 /* LandmarksTests.xctest */;
			productType = "com.apple.product-type.bundle.unit-test";
		};
		5315515929DE725C00BA1CF4 /* LandmarksUITests */ = {
			isa = PBXNativeTarget;
			buildConfigurationList = 5315516A29DE725C00BA1CF4 /* Build configuration list for PBXNativeTarget "LandmarksUITests" */;
			buildPhases = (
				5315515629DE725C00BA1CF4 /* Sources */,
				5315515729DE725C00BA1CF4 /* Frameworks */,
				5315515829DE725C00BA1CF4 /* Resources */,
			);
			buildRules = (
			);
			dependencies = (
				5315515C29DE725C00BA1CF4 /* PBXTargetDependency */,
			);
			name = LandmarksUITests;
			productName = LandmarksUITests;
			productReference = 5315515A29DE725C00BA1CF4 /* LandmarksUITests.xctest */;
			productType = "com.apple.product-type.bundle.ui-testing";
		};
/* End PBXNativeTarget section */

/* Begin PBXProject section */
		5315513829DE725800BA1CF4 /* Project object */ = {
			isa = PBXProject;
			attributes = {
				BuildIndependentTargetsInParallel = 1;
				LastSwiftUpdateCheck = 1420;
				LastUpgradeCheck = 1420;
				TargetAttributes = {
					5315513F29DE725800BA1CF4 = {
						CreatedOnToolsVersion = 14.2;
					};
					5315514F29DE725C00BA1CF4 = {
						CreatedOnToolsVersion = 14.2;
						TestTargetID = 5315513F29DE725800BA1CF4;
					};
					5315515929DE725C00BA1CF4 = {
						CreatedOnToolsVersion = 14.2;
						TestTargetID = 5315513F29DE725800BA1CF4;
					};
				};
			};
			buildConfigurationList = 5315513B29DE725800BA1CF4 /* Build configuration list for PBXProject "Landmarks" */;
			compatibilityVersion = "Xcode 14.0";
			developmentRegion = en;
			hasScannedForEncodings = 0;
			knownRegions = (
				en,
				Base,
			);
			mainGroup = 5315513729DE725800BA1CF4;
			productRefGroup = 5315514129DE725800BA1CF4 /* Products */;
			projectDirPath = "";
			projectRoot = "";
			targets = (
				5315513F29DE725800BA1CF4 /* Landmarks */,
				5315514F29DE725C00BA1CF4 /* LandmarksTests */,
				5315515929DE725C00BA1CF4 /* LandmarksUITests */,
			);
		};
/* End PBXProject section */

/* Begin PBXResourcesBuildPhase section */
		5315513E29DE725800BA1CF4 /* Resources */ = {
			isa = PBXResourcesBuildPhase;
			buildActionMask = 2147483647;
			files = (
				5315514B29DE725C00BA1CF4 /* Preview Assets.xcassets in Resources */,
				5315514829DE725C00BA1CF4 /* Assets.xcassets in Resources */,
				5315517229DECECB00BA1CF4 /* landmarkData.json in Resources */,
			);
			runOnlyForDeploymentPostprocessing = 0;
		};
		5315514E29DE725C00BA1CF4 /* Resources */ = {
			isa = PBXResourcesBuildPhase;
			buildActionMask = 2147483647;
			files = (
			);
			runOnlyForDeploymentPostprocessing = 0;
		};
		5315515829DE725C00BA1CF4 /* Resources */ = {
			isa = PBXResourcesBuildPhase;
			buildActionMask = 2147483647;
			files = (
			);
			runOnlyForDeploymentPostprocessing = 0;
		};
/* End PBXResourcesBuildPhase section */

/* Begin PBXSourcesBuildPhase section */
		5315513C29DE725800BA1CF4 /* Sources */ = {
			isa = PBXSourcesBuildPhase;
			buildActionMask = 2147483647;
			files = (
				5315514629DE725800BA1CF4 /* ContentView.swift in Sources */,
				5315517029DE754900BA1CF4 /* MapView.swift in Sources */,
				5315514429DE725800BA1CF4 /* LandmarksApp.swift in Sources */,
				5315518129DFF94100BA1CF4 /* FavoriteButton.swift in Sources */,
				5315518529E0494B00BA1CF4 /* HexagonParameters.swift in Sources */,
				5315517D29DFC1C000BA1CF4 /* LandmarkList.swift in Sources */,
				5315516E29DE745A00BA1CF4 /* CircleImage.swift in Sources */,
				5315518729E04ACC00BA1CF4 /* BadgeBackground.swift in Sources */,
				5315517429DECF3F00BA1CF4 /* Landmark.swift in Sources */,
				5315517B29DFBA0800BA1CF4 /* LandmarkRow.swift in Sources */,
				5315517629DFB66800BA1CF4 /* ModelData.swift in Sources */,
				5315517F29DFD8DC00BA1CF4 /* LandmarkDetails.swift in Sources */,
			);
			runOnlyForDeploymentPostprocessing = 0;
		};
		5315514C29DE725C00BA1CF4 /* Sources */ = {
			isa = PBXSourcesBuildPhase;
			buildActionMask = 2147483647;
			files = (
				5315515529DE725C00BA1CF4 /* LandmarksTests.swift in Sources */,
			);
			runOnlyForDeploymentPostprocessing = 0;
		};
		5315515629DE725C00BA1CF4 /* Sources */ = {
			isa = PBXSourcesBuildPhase;
			buildActionMask = 2147483647;
			files = (
				5315516129DE725C00BA1CF4 /* LandmarksUITestsLaunchTests.swift in Sources */,
				5315515F29DE725C00BA1CF4 /* LandmarksUITests.swift in Sources */,
			);
			runOnlyForDeploymentPostprocessing = 0;
		};
/* End PBXSourcesBuildPhase section */

/* Begin PBXTargetDependency section */
		5315515229DE725C00BA1CF4 /* PBXTargetDependency */ = {
			isa = PBXTargetDependency;
			target = 5315513F29DE725800BA1CF4 /* Landmarks */;
			targetProxy = 5315515129DE725C00BA1CF4 /* PBXContainerItemProxy */;
		};
		5315515C29DE725C00BA1CF4 /* PBXTargetDependency */ = {
			isa = PBXTargetDependency;
			target = 5315513F29DE725800BA1CF4 /* Landmarks */;
			targetProxy = 5315515B29DE725C00BA1CF4 /* PBXContainerItemProxy */;
		};
/* End PBXTargetDependency section */

/* Begin XCBuildConfiguration section */
		5315516229DE725C00BA1CF4 /* Debug */ = {
			isa = XCBuildConfiguration;
			buildSettings = {
				ALWAYS_SEARCH_USER_PATHS = NO;
				CLANG_ANALYZER_NONNULL = YES;
				CLANG_ANALYZER_NUMBER_OBJECT_CONVERSION = YES_AGGRESSIVE;
				CLANG_CXX_LANGUAGE_STANDARD = "gnu++20";
				CLANG_ENABLE_MODULES = YES;
				CLANG_ENABLE_OBJC_ARC = YES;
				CLANG_ENABLE_OBJC_WEAK = YES;
				CLANG_WARN_BLOCK_CAPTURE_AUTORELEASING = YES;
				CLANG_WARN_BOOL_CONVERSION = YES;
				CLANG_WARN_COMMA = YES;
				CLANG_WARN_CONSTANT_CONVERSION = YES;
				CLANG_WARN_DEPRECATED_OBJC_IMPLEMENTATIONS = YES;
				CLANG_WARN_DIRECT_OBJC_ISA_USAGE = YES_ERROR;
				CLANG_WARN_DOCUMENTATION_COMMENTS = YES;
				CLANG_WARN_EMPTY_BODY = YES;
				CLANG_WARN_ENUM_CONVERSION = YES;
				CLANG_WARN_INFINITE_RECURSION = YES;
				CLANG_WARN_INT_CONVERSION = YES;
				CLANG_WARN_NON_LITERAL_NULL_CONVERSION = YES;
				CLANG_WARN_OBJC_IMPLICIT_RETAIN_SELF = YES;
				CLANG_WARN_OBJC_LITERAL_CONVERSION = YES;
				CLANG_WARN_OBJC_ROOT_CLASS = YES_ERROR;
				CLANG_WARN_QUOTED_INCLUDE_IN_FRAMEWORK_HEADER = YES;
				CLANG_WARN_RANGE_LOOP_ANALYSIS = YES;
				CLANG_WARN_STRICT_PROTOTYPES = YES;
				CLANG_WARN_SUSPICIOUS_MOVE = YES;
				CLANG_WARN_UNGUARDED_AVAILABILITY = YES_AGGRESSIVE;
				CLANG_WARN_UNREACHABLE_CODE = YES;
				CLANG_WARN__DUPLICATE_METHOD_MATCH = YES;
				COPY_PHASE_STRIP = NO;
				DEBUG_INFORMATION_FORMAT = dwarf;
				ENABLE_STRICT_OBJC_MSGSEND = YES;
				ENABLE_TESTABILITY = YES;
				GCC_C_LANGUAGE_STANDARD = gnu11;
				GCC_DYNAMIC_NO_PIC = NO;
				GCC_NO_COMMON_BLOCKS = YES;
				GCC_OPTIMIZATION_LEVEL = 0;
				GCC_PREPROCESSOR_DEFINITIONS = (
					"DEBUG=1",
					"$(inherited)",
				);
				GCC_WARN_64_TO_32_BIT_CONVERSION = YES;
				GCC_WARN_ABOUT_RETURN_TYPE = YES_ERROR;
				GCC_WARN_UNDECLARED_SELECTOR = YES;
				GCC_WARN_UNINITIALIZED_AUTOS = YES_AGGRESSIVE;
				GCC_WARN_UNUSED_FUNCTION = YES;
				GCC_WARN_UNUSED_VARIABLE = YES;
				IPHONEOS_DEPLOYMENT_TARGET = 16.2;
				MTL_ENABLE_DEBUG_INFO = INCLUDE_SOURCE;
				MTL_FAST_MATH = YES;
				ONLY_ACTIVE_ARCH = YES;
				SDKROOT = iphoneos;
				SWIFT_ACTIVE_COMPILATION_CONDITIONS = DEBUG;
				SWIFT_OPTIMIZATION_LEVEL = "-Onone";
			};
			name = Debug;
		};
		5315516329DE725C00BA1CF4 /* Release */ = {
			isa = XCBuildConfiguration;
			buildSettings = {
				ALWAYS_SEARCH_USER_PATHS = NO;
				CLANG_ANALYZER_NONNULL = YES;
				CLANG_ANALYZER_NUMBER_OBJECT_CONVERSION = YES_AGGRESSIVE;
				CLANG_CXX_LANGUAGE_STANDARD = "gnu++20";
				CLANG_ENABLE_MODULES = YES;
				CLANG_ENABLE_OBJC_ARC = YES;
				CLANG_ENABLE_OBJC_WEAK = YES;
				CLANG_WARN_BLOCK_CAPTURE_AUTORELEASING = YES;
				CLANG_WARN_BOOL_CONVERSION = YES;
				CLANG_WARN_COMMA = YES;
				CLANG_WARN_CONSTANT_CONVERSION = YES;
				CLANG_WARN_DEPRECATED_OBJC_IMPLEMENTATIONS = YES;
				CLANG_WARN_DIRECT_OBJC_ISA_USAGE = YES_ERROR;
				CLANG_WARN_DOCUMENTATION_COMMENTS = YES;
				CLANG_WARN_EMPTY_BODY = YES;
				CLANG_WARN_ENUM_CONVERSION = YES;
				CLANG_WARN_INFINITE_RECURSION = YES;
				CLANG_WARN_INT_CONVERSION = YES;
				CLANG_WARN_NON_LITERAL_NULL_CONVERSION = YES;
				CLANG_WARN_OBJC_IMPLICIT_RETAIN_SELF = YES;
				CLANG_WARN_OBJC_LITERAL_CONVERSION = YES;
				CLANG_WARN_OBJC_ROOT_CLASS = YES_ERROR;
				CLANG_WARN_QUOTED_INCLUDE_IN_FRAMEWORK_HEADER = YES;
				CLANG_WARN_RANGE_LOOP_ANALYSIS = YES;
				CLANG_WARN_STRICT_PROTOTYPES = YES;
				CLANG_WARN_SUSPICIOUS_MOVE = YES;
				CLANG_WARN_UNGUARDED_AVAILABILITY = YES_AGGRESSIVE;
				CLANG_WARN_UNREACHABLE_CODE = YES;
				CLANG_WARN__DUPLICATE_METHOD_MATCH = YES;
				COPY_PHASE_STRIP = NO;
				DEBUG_INFORMATION_FORMAT = "dwarf-with-dsym";
				ENABLE_NS_ASSERTIONS = NO;
				ENABLE_STRICT_OBJC_MSGSEND = YES;
				GCC_C_LANGUAGE_STANDARD = gnu11;
				GCC_NO_COMMON_BLOCKS = YES;
				GCC_WARN_64_TO_32_BIT_CONVERSION = YES;
				GCC_WARN_ABOUT_RETURN_TYPE = YES_ERROR;
				GCC_WARN_UNDECLARED_SELECTOR = YES;
				GCC_WARN_UNINITIALIZED_AUTOS = YES_AGGRESSIVE;
				GCC_WARN_UNUSED_FUNCTION = YES;
				GCC_WARN_UNUSED_VARIABLE = YES;
				IPHONEOS_DEPLOYMENT_TARGET = 16.2;
				MTL_ENABLE_DEBUG_INFO = NO;
				MTL_FAST_MATH = YES;
				SDKROOT = iphoneos;
				SWIFT_COMPILATION_MODE = wholemodule;
				SWIFT_OPTIMIZATION_LEVEL = "-O";
				VALIDATE_PRODUCT = YES;
			};
			name = Release;
		};
		5315516529DE725C00BA1CF4 /* Debug */ = {
			isa = XCBuildConfiguration;
			buildSettings = {
				ASSETCATALOG_COMPILER_APPICON_NAME = AppIcon;
				ASSETCATALOG_COMPILER_GLOBAL_ACCENT_COLOR_NAME = AccentColor;
				CODE_SIGN_STYLE = Automatic;
				CURRENT_PROJECT_VERSION = 1;
				DEVELOPMENT_ASSET_PATHS = "\"Landmarks/Preview Content\"";
				ENABLE_PREVIEWS = YES;
				GENERATE_INFOPLIST_FILE = YES;
				INFOPLIST_KEY_UIApplicationSceneManifest_Generation = YES;
				INFOPLIST_KEY_UIApplicationSupportsIndirectInputEvents = YES;
				INFOPLIST_KEY_UILaunchScreen_Generation = YES;
				INFOPLIST_KEY_UISupportedInterfaceOrientations_iPad = "UIInterfaceOrientationPortrait UIInterfaceOrientationPortraitUpsideDown UIInterfaceOrientationLandscapeLeft UIInterfaceOrientationLandscapeRight";
				INFOPLIST_KEY_UISupportedInterfaceOrientations_iPhone = "UIInterfaceOrientationPortrait UIInterfaceOrientationLandscapeLeft UIInterfaceOrientationLandscapeRight";
				LD_RUNPATH_SEARCH_PATHS = (
					"$(inherited)",
					"@executable_path/Frameworks",
				);
				MARKETING_VERSION = 1.0;
				PRODUCT_BUNDLE_IDENTIFIER = Ai.Landmarks;
				PRODUCT_NAME = "$(TARGET_NAME)";
				SWIFT_EMIT_LOC_STRINGS = YES;
				SWIFT_VERSION = 5.0;
				TARGETED_DEVICE_FAMILY = "1,2";
			};
			name = Debug;
		};
		5315516629DE725C00BA1CF4 /* Release */ = {
			isa = XCBuildConfiguration;
			buildSettings = {
				ASSETCATALOG_COMPILER_APPICON_NAME = AppIcon;
				ASSETCATALOG_COMPILER_GLOBAL_ACCENT_COLOR_NAME = AccentColor;
				CODE_SIGN_STYLE = Automatic;
				CURRENT_PROJECT_VERSION = 1;
				DEVELOPMENT_ASSET_PATHS = "\"Landmarks/Preview Content\"";
				ENABLE_PREVIEWS = YES;
				GENERATE_INFOPLIST_FILE = YES;
				INFOPLIST_KEY_UIApplicationSceneManifest_Generation = YES;
				INFOPLIST_KEY_UIApplicationSupportsIndirectInputEvents = YES;
				INFOPLIST_KEY_UILaunchScreen_Generation = YES;
				INFOPLIST_KEY_UISupportedInterfaceOrientations_iPad = "UIInterfaceOrientationPortrait UIInterfaceOrientationPortraitUpsideDown UIInterfaceOrientationLandscapeLeft UIInterfaceOrientationLandscapeRight";
				INFOPLIST_KEY_UISupportedInterfaceOrientations_iPhone = "UIInterfaceOrientationPortrait UIInterfaceOrientationLandscapeLeft UIInterfaceOrientationLandscapeRight";
				LD_RUNPATH_SEARCH_PATHS = (
					"$(inherited)",
					"@executable_path/Frameworks",
				);
				MARKETING_VERSION = 1.0;
				PRODUCT_BUNDLE_IDENTIFIER = Ai.Landmarks;
				PRODUCT_NAME = "$(TARGET_NAME)";
				SWIFT_EMIT_LOC_STRINGS = YES;
				SWIFT_VERSION = 5.0;
				TARGETED_DEVICE_FAMILY = "1,2";
			};
			name = Release;
		};
		5315516829DE725C00BA1CF4 /* Debug */ = {
			isa = XCBuildConfiguration;
			buildSettings = {
				ALWAYS_EMBED_SWIFT_STANDARD_LIBRARIES = YES;
				BUNDLE_LOADER = "$(TEST_HOST)";
				CODE_SIGN_STYLE = Automatic;
				CURRENT_PROJECT_VERSION = 1;
				GENERATE_INFOPLIST_FILE = YES;
				IPHONEOS_DEPLOYMENT_TARGET = 16.2;
				MARKETING_VERSION = 1.0;
				PRODUCT_BUNDLE_IDENTIFIER = Ai.LandmarksTests;
				PRODUCT_NAME = "$(TARGET_NAME)";
				SWIFT_EMIT_LOC_STRINGS = NO;
				SWIFT_VERSION = 5.0;
				TARGETED_DEVICE_FAMILY = "1,2";
				TEST_HOST = "$(BUILT_PRODUCTS_DIR)/Landmarks.app/$(BUNDLE_EXECUTABLE_FOLDER_PATH)/Landmarks";
			};
			name = Debug;
		};
		5315516929DE725C00BA1CF4 /* Release */ = {
			isa = XCBuildConfiguration;
			buildSettings = {
				ALWAYS_EMBED_SWIFT_STANDARD_LIBRARIES = YES;
				BUNDLE_LOADER = "$(TEST_HOST)";
				CODE_SIGN_STYLE = Automatic;
				CURRENT_PROJECT_VERSION = 1;
				GENERATE_INFOPLIST_FILE = YES;
				IPHONEOS_DEPLOYMENT_TARGET = 16.2;
				MARKETING_VERSION = 1.0;
				PRODUCT_BUNDLE_IDENTIFIER = Ai.LandmarksTests;
				PRODUCT_NAME = "$(TARGET_NAME)";
				SWIFT_EMIT_LOC_STRINGS = NO;
				SWIFT_VERSION = 5.0;
				TARGETED_DEVICE_FAMILY = "1,2";
				TEST_HOST = "$(BUILT_PRODUCTS_DIR)/Landmarks.app/$(BUNDLE_EXECUTABLE_FOLDER_PATH)/Landmarks";
			};
			name = Release;
		};
		5315516B29DE725C00BA1CF4 /* Debug */ = {
			isa = XCBuildConfiguration;
			buildSettings = {
				ALWAYS_EMBED_SWIFT_STANDARD_LIBRARIES = YES;
				CODE_SIGN_STYLE = Automatic;
				CURRENT_PROJECT_VERSION = 1;
				GENERATE_INFOPLIST_FILE = YES;
				MARKETING_VERSION = 1.0;
				PRODUCT_BUNDLE_IDENTIFIER = Ai.LandmarksUITests;
				PRODUCT_NAME = "$(TARGET_NAME)";
				SWIFT_EMIT_LOC_STRINGS = NO;
				SWIFT_VERSION = 5.0;
				TARGETED_DEVICE_FAMILY = "1,2";
				TEST_TARGET_NAME = Landmarks;
			};
			name = Debug;
		};
		5315516C29DE725C00BA1CF4 /* Release */ = {
			isa = XCBuildConfiguration;
			buildSettings = {
				ALWAYS_EMBED_SWIFT_STANDARD_LIBRARIES = YES;
				CODE_SIGN_STYLE = Automatic;
				CURRENT_PROJECT_VERSION = 1;
				GENERATE_INFOPLIST_FILE = YES;
				MARKETING_VERSION = 1.0;
				PRODUCT_BUNDLE_IDENTIFIER = Ai.LandmarksUITests;
				PRODUCT_NAME = "$(TARGET_NAME)";
				SWIFT_EMIT_LOC_STRINGS = NO;
				SWIFT_VERSION = 5.0;
				TARGETED_DEVICE_FAMILY = "1,2";
				TEST_TARGET_NAME = Landmarks;
			};
			name = Release;
		};
/* End XCBuildConfiguration section */

/* Begin XCConfigurationList section */
		5315513B29DE725800BA1CF4 /* Build configuration list for PBXProject "Landmarks" */ = {
			isa = XCConfigurationList;
			buildConfigurations = (
				5315516229DE725C00BA1CF4 /* Debug */,
				5315516329DE725C00BA1CF4 /* Release */,
			);
			defaultConfigurationIsVisible = 0;
			defaultConfigurationName = Release;
		};
		5315516429DE725C00BA1CF4 /* Build configuration list for PBXNativeTarget "Landmarks" */ = {
			isa = XCConfigurationList;
			buildConfigurations = (
				5315516529DE725C00BA1CF4 /* Debug */,
				5315516629DE725C00BA1CF4 /* Release */,
			);
			defaultConfigurationIsVisible = 0;
			defaultConfigurationName = Release;
		};
		5315516729DE725C00BA1CF4 /* Build configuration list for PBXNativeTarget "LandmarksTests" */ = {
			isa = XCConfigurationList;
			buildConfigurations = (
				5315516829DE725C00BA1CF4 /* Debug */,
				5315516929DE725C00BA1CF4 /* Release */,
			);
			defaultConfigurationIsVisible = 0;
			defaultConfigurationName = Release;
		};
		5315516A29DE725C00BA1CF4 /* Build configuration list for PBXNativeTarget "LandmarksUITests" */ = {
			isa = XCConfigurationList;
			buildConfigurations = (
				5315516B29DE725C00BA1CF4 /* Debug */,
				5315516C29DE725C00BA1CF4 /* Release */,
			);
			defaultConfigurationIsVisible = 0;
			defaultConfigurationName = Release;
		};
/* End XCConfigurationList section */
	};
	rootObject = 5315513829DE725800BA1CF4 /* Project object */;
}
